
Microsoft Visual Studio Solution File, Format Version 12.00
# Visual Studio Version 16
VisualStudioVersion = 16.0.31613.86
MinimumVisualStudioVersion = 10.0.40219.1
Project("{FAE04EC0-301F-11D3-BF4B-00C04F79EFBC}") = "AvtoPartMy", "AvtoPartMy\AvtoPartMy.csproj", "{9616355B-4FE8-410B-85E3-F3DAAA9DC6E6}"
EndProject
Global
	GlobalSection(SolutionConfigurationPlatforms) = preSolution
		Debug|Any CPU = Debug|Any CPU
		Release|Any CPU = Release|Any CPU
	EndGlobalSection
	GlobalSection(ProjectConfigurationPlatforms) = postSolution
		{9616355B-4FE8-410B-85E3-F3DAAA9DC6E6}.Debug|Any CPU.ActiveCfg = Debug|Any CPU
		{9616355B-4FE8-410B-85E3-F3DAAA9DC6E6}.Debug|Any CPU.Build.0 = Debug|Any CPU
		{9616355B-4FE8-410B-85E3-F3DAAA9DC6E6}.Release|Any CPU.ActiveCfg = Release|Any CPU
		{9616355B-4FE8-410B-85E3-F3DAAA9DC6E6}.Release|Any CPU.Build.0 = Release|Any CPU
	EndGlobalSection
	GlobalSection(SolutionProperties) = preSolution
		HideSolutionNode = FALSE
	EndGlobalSection
	GlobalSection(ExtensibilityGlobals) = postSolution
		SolutionGuid = {FF377D21-D377-4716-BE41-D96899A4AC30}
	EndGlobalSection
EndGlobal
